// !$*UTF8*$!
{
	archiveVersion = 1;
	classes = {
	};
	objectVersion = 55;
	objects = {

/* Begin PBXBuildFile section */
		476B81342798AC350093AB37 /* Favorites.swift in Sources */ = {isa = PBXBuildFile; fileRef = 476B81332798AC350093AB37 /* Favorites.swift */; };
		47C84ED1279313D6002FCE92 /* RocketListTableViewCell.swift in Sources */ = {isa = PBXBuildFile; fileRef = 47C84ECF279313D6002FCE92 /* RocketListTableViewCell.swift */; };
		47C84ED2279313D6002FCE92 /* RocketListTableViewCell.xib in Resources */ = {isa = PBXBuildFile; fileRef = 47C84ED0279313D6002FCE92 /* RocketListTableViewCell.xib */; };
		47C84ED527931B56002FCE92 /* Kingfisher in Frameworks */ = {isa = PBXBuildFile; productRef = 47C84ED427931B56002FCE92 /* Kingfisher */; };
		47CC198F2790A59A005DF9EC /* AppDelegate.swift in Sources */ = {isa = PBXBuildFile; fileRef = 47CC198E2790A59A005DF9EC /* AppDelegate.swift */; };
		47CC19912790A59A005DF9EC /* SceneDelegate.swift in Sources */ = {isa = PBXBuildFile; fileRef = 47CC19902790A59A005DF9EC /* SceneDelegate.swift */; };
		47CC19932790A59A005DF9EC /* HomeViewController.swift in Sources */ = {isa = PBXBuildFile; fileRef = 47CC19922790A59A005DF9EC /* HomeViewController.swift */; };
		47CC19982790A59D005DF9EC /* Assets.xcassets in Resources */ = {isa = PBXBuildFile; fileRef = 47CC19972790A59D005DF9EC /* Assets.xcassets */; };
		47CC199B2790A59D005DF9EC /* LaunchScreen.storyboard in Resources */ = {isa = PBXBuildFile; fileRef = 47CC19992790A59D005DF9EC /* LaunchScreen.storyboard */; };
		47CC19A62790A59E005DF9EC /* RocketFanTests.swift in Sources */ = {isa = PBXBuildFile; fileRef = 47CC19A52790A59E005DF9EC /* RocketFanTests.swift */; };
		47CC19B02790A59E005DF9EC /* RocketFanUITests.swift in Sources */ = {isa = PBXBuildFile; fileRef = 47CC19AF2790A59E005DF9EC /* RocketFanUITests.swift */; };
		47CC19B22790A59E005DF9EC /* RocketFanUITestsLaunchTests.swift in Sources */ = {isa = PBXBuildFile; fileRef = 47CC19B12790A59E005DF9EC /* RocketFanUITestsLaunchTests.swift */; };
		47CC19C12790A6FA005DF9EC /* ListViewController.swift in Sources */ = {isa = PBXBuildFile; fileRef = 47CC19C02790A6FA005DF9EC /* ListViewController.swift */; };
		47CC19C52790A719005DF9EC /* ListViewModel.swift in Sources */ = {isa = PBXBuildFile; fileRef = 47CC19C42790A719005DF9EC /* ListViewModel.swift */; };
		47CC19C72790A723005DF9EC /* ListModel.swift in Sources */ = {isa = PBXBuildFile; fileRef = 47CC19C62790A723005DF9EC /* ListModel.swift */; };
		47CC19C92790B00C005DF9EC /* Observable.swift in Sources */ = {isa = PBXBuildFile; fileRef = 47CC19C82790B00C005DF9EC /* Observable.swift */; };
		47CC19CB2790B034005DF9EC /* ListTableViewCellViewModel.swift in Sources */ = {isa = PBXBuildFile; fileRef = 47CC19CA2790B034005DF9EC /* ListTableViewCellViewModel.swift */; };
/* End PBXBuildFile section */

/* Begin PBXContainerItemProxy section */
		47CC19A22790A59E005DF9EC /* PBXContainerItemProxy */ = {
			isa = PBXContainerItemProxy;
			containerPortal = 47CC19832790A59A005DF9EC /* Project object */;
			proxyType = 1;
			remoteGlobalIDString = 47CC198A2790A59A005DF9EC;
			remoteInfo = RocketFan;
		};
		47CC19AC2790A59E005DF9EC /* PBXContainerItemProxy */ = {
			isa = PBXContainerItemProxy;
			containerPortal = 47CC19832790A59A005DF9EC /* Project object */;
			proxyType = 1;
			remoteGlobalIDString = 47CC198A2790A59A005DF9EC;
			remoteInfo = RocketFan;
		};
/* End PBXContainerItemProxy section */

/* Begin PBXFileReference section */
		476B81332798AC350093AB37 /* Favorites.swift */ = {isa = PBXFileReference; lastKnownFileType = sourcecode.swift; path = Favorites.swift; sourceTree = "<group>"; };
		47C84ECF279313D6002FCE92 /* RocketListTableViewCell.swift */ = {isa = PBXFileReference; lastKnownFileType = sourcecode.swift; path = RocketListTableViewCell.swift; sourceTree = "<group>"; };
		47C84ED0279313D6002FCE92 /* RocketListTableViewCell.xib */ = {isa = PBXFileReference; lastKnownFileType = file.xib; path = RocketListTableViewCell.xib; sourceTree = "<group>"; };
		47CC198B2790A59A005DF9EC /* RocketFan.app */ = {isa = PBXFileReference; explicitFileType = wrapper.application; includeInIndex = 0; path = RocketFan.app; sourceTree = BUILT_PRODUCTS_DIR; };
		47CC198E2790A59A005DF9EC /* AppDelegate.swift */ = {isa = PBXFileReference; lastKnownFileType = sourcecode.swift; path = AppDelegate.swift; sourceTree = "<group>"; };
		47CC19902790A59A005DF9EC /* SceneDelegate.swift */ = {isa = PBXFileReference; lastKnownFileType = sourcecode.swift; path = SceneDelegate.swift; sourceTree = "<group>"; };
		47CC19922790A59A005DF9EC /* HomeViewController.swift */ = {isa = PBXFileReference; lastKnownFileType = sourcecode.swift; path = HomeViewController.swift; sourceTree = "<group>"; };
		47CC19972790A59D005DF9EC /* Assets.xcassets */ = {isa = PBXFileReference; lastKnownFileType = folder.assetcatalog; path = Assets.xcassets; sourceTree = "<group>"; };
		47CC199A2790A59D005DF9EC /* Base */ = {isa = PBXFileReference; lastKnownFileType = file.storyboard; name = Base; path = Base.lproj/LaunchScreen.storyboard; sourceTree = "<group>"; };
		47CC199C2790A59D005DF9EC /* Info.plist */ = {isa = PBXFileReference; lastKnownFileType = text.plist.xml; path = Info.plist; sourceTree = "<group>"; };
		47CC19A12790A59E005DF9EC /* RocketFanTests.xctest */ = {isa = PBXFileReference; explicitFileType = wrapper.cfbundle; includeInIndex = 0; path = RocketFanTests.xctest; sourceTree = BUILT_PRODUCTS_DIR; };
		47CC19A52790A59E005DF9EC /* RocketFanTests.swift */ = {isa = PBXFileReference; lastKnownFileType = sourcecode.swift; path = RocketFanTests.swift; sourceTree = "<group>"; };
		47CC19AB2790A59E005DF9EC /* RocketFanUITests.xctest */ = {isa = PBXFileReference; explicitFileType = wrapper.cfbundle; includeInIndex = 0; path = RocketFanUITests.xctest; sourceTree = BUILT_PRODUCTS_DIR; };
		47CC19AF2790A59E005DF9EC /* RocketFanUITests.swift */ = {isa = PBXFileReference; lastKnownFileType = sourcecode.swift; path = RocketFanUITests.swift; sourceTree = "<group>"; };
		47CC19B12790A59E005DF9EC /* RocketFanUITestsLaunchTests.swift */ = {isa = PBXFileReference; lastKnownFileType = sourcecode.swift; path = RocketFanUITestsLaunchTests.swift; sourceTree = "<group>"; };
		47CC19C02790A6FA005DF9EC /* ListViewController.swift */ = {isa = PBXFileReference; lastKnownFileType = sourcecode.swift; path = ListViewController.swift; sourceTree = "<group>"; };
		47CC19C42790A719005DF9EC /* ListViewModel.swift */ = {isa = PBXFileReference; lastKnownFileType = sourcecode.swift; path = ListViewModel.swift; sourceTree = "<group>"; };
		47CC19C62790A723005DF9EC /* ListModel.swift */ = {isa = PBXFileReference; lastKnownFileType = sourcecode.swift; path = ListModel.swift; sourceTree = "<group>"; };
		47CC19C82790B00C005DF9EC /* Observable.swift */ = {isa = PBXFileReference; lastKnownFileType = sourcecode.swift; path = Observable.swift; sourceTree = "<group>"; };
		47CC19CA2790B034005DF9EC /* ListTableViewCellViewModel.swift */ = {isa = PBXFileReference; lastKnownFileType = sourcecode.swift; path = ListTableViewCellViewModel.swift; sourceTree = "<group>"; };
/* End PBXFileReference section */

/* Begin PBXFrameworksBuildPhase section */
		47CC19882790A59A005DF9EC /* Frameworks */ = {
			isa = PBXFrameworksBuildPhase;
			buildActionMask = 2147483647;
			files = (
				47C84ED527931B56002FCE92 /* Kingfisher in Frameworks */,
			);
			runOnlyForDeploymentPostprocessing = 0;
		};
		47CC199E2790A59E005DF9EC /* Frameworks */ = {
			isa = PBXFrameworksBuildPhase;
			buildActionMask = 2147483647;
			files = (
			);
			runOnlyForDeploymentPostprocessing = 0;
		};
		47CC19A82790A59E005DF9EC /* Frameworks */ = {
			isa = PBXFrameworksBuildPhase;
			buildActionMask = 2147483647;
			files = (
			);
			runOnlyForDeploymentPostprocessing = 0;
		};
/* End PBXFrameworksBuildPhase section */

/* Begin PBXGroup section */
		476B81362798AC7C0093AB37 /* Models */ = {
			isa = PBXGroup;
			children = (
				47CC19C82790B00C005DF9EC /* Observable.swift */,
				476B81332798AC350093AB37 /* Favorites.swift */,
			);
			path = Models;
			sourceTree = "<group>";
		};
		476B81372798AD810093AB37 /* Home */ = {
			isa = PBXGroup;
			children = (
				47CC19922790A59A005DF9EC /* HomeViewController.swift */,
			);
			path = Home;
			sourceTree = "<group>";
		};
		47C84ECE2793136D002FCE92 /* Rocket List Cell */ = {
			isa = PBXGroup;
			children = (
				47C84ECF279313D6002FCE92 /* RocketListTableViewCell.swift */,
				47C84ED0279313D6002FCE92 /* RocketListTableViewCell.xib */,
			);
			path = "Rocket List Cell";
			sourceTree = "<group>";
		};
		47CC19822790A59A005DF9EC = {
			isa = PBXGroup;
			children = (
				47CC198D2790A59A005DF9EC /* RocketFan */,
				47CC19A42790A59E005DF9EC /* RocketFanTests */,
				47CC19AE2790A59E005DF9EC /* RocketFanUITests */,
				47CC198C2790A59A005DF9EC /* Products */,
			);
			sourceTree = "<group>";
		};
		47CC198C2790A59A005DF9EC /* Products */ = {
			isa = PBXGroup;
			children = (
				47CC198B2790A59A005DF9EC /* RocketFan.app */,
				47CC19A12790A59E005DF9EC /* RocketFanTests.xctest */,
				47CC19AB2790A59E005DF9EC /* RocketFanUITests.xctest */,
			);
			name = Products;
			sourceTree = "<group>";
		};
		47CC198D2790A59A005DF9EC /* RocketFan */ = {
			isa = PBXGroup;
			children = (
				47CC19CC2790B198005DF9EC /* Resources */,
				476B81362798AC7C0093AB37 /* Models */,
				476B81372798AD810093AB37 /* Home */,
				47CC19BE2790A6A6005DF9EC /* List */,
				47CC19972790A59D005DF9EC /* Assets.xcassets */,
				47CC199C2790A59D005DF9EC /* Info.plist */,
				47CC19992790A59D005DF9EC /* LaunchScreen.storyboard */,
			);
			path = RocketFan;
			sourceTree = "<group>";
		};
		47CC19A42790A59E005DF9EC /* RocketFanTests */ = {
			isa = PBXGroup;
			children = (
				47CC19A52790A59E005DF9EC /* RocketFanTests.swift */,
			);
			path = RocketFanTests;
			sourceTree = "<group>";
		};
		47CC19AE2790A59E005DF9EC /* RocketFanUITests */ = {
			isa = PBXGroup;
			children = (
				47CC19AF2790A59E005DF9EC /* RocketFanUITests.swift */,
				47CC19B12790A59E005DF9EC /* RocketFanUITestsLaunchTests.swift */,
			);
			path = RocketFanUITests;
			sourceTree = "<group>";
		};
		47CC19BE2790A6A6005DF9EC /* List */ = {
			isa = PBXGroup;
			children = (
				47CC19C02790A6FA005DF9EC /* ListViewController.swift */,
				47C84ECE2793136D002FCE92 /* Rocket List Cell */,
				47CC19C42790A719005DF9EC /* ListViewModel.swift */,
				47CC19C62790A723005DF9EC /* ListModel.swift */,
				47CC19CA2790B034005DF9EC /* ListTableViewCellViewModel.swift */,
			);
			path = List;
			sourceTree = "<group>";
		};
		47CC19CC2790B198005DF9EC /* Resources */ = {
			isa = PBXGroup;
			children = (
				47CC198E2790A59A005DF9EC /* AppDelegate.swift */,
				47CC19902790A59A005DF9EC /* SceneDelegate.swift */,
			);
			path = Resources;
			sourceTree = "<group>";
		};
/* End PBXGroup section */

/* Begin PBXNativeTarget section */
		47CC198A2790A59A005DF9EC /* RocketFan */ = {
			isa = PBXNativeTarget;
			buildConfigurationList = 47CC19B52790A59E005DF9EC /* Build configuration list for PBXNativeTarget "RocketFan" */;
			buildPhases = (
				47CC19872790A59A005DF9EC /* Sources */,
				47CC19882790A59A005DF9EC /* Frameworks */,
				47CC19892790A59A005DF9EC /* Resources */,
			);
			buildRules = (
			);
			dependencies = (
			);
			name = RocketFan;
			packageProductDependencies = (
				47C84ED427931B56002FCE92 /* Kingfisher */,
			);
			productName = RocketFan;
			productReference = 47CC198B2790A59A005DF9EC /* RocketFan.app */;
			productType = "com.apple.product-type.application";
		};
		47CC19A02790A59E005DF9EC /* RocketFanTests */ = {
			isa = PBXNativeTarget;
			buildConfigurationList = 47CC19B82790A59E005DF9EC /* Build configuration list for PBXNativeTarget "RocketFanTests" */;
			buildPhases = (
				47CC199D2790A59E005DF9EC /* Sources */,
				47CC199E2790A59E005DF9EC /* Frameworks */,
				47CC199F2790A59E005DF9EC /* Resources */,
			);
			buildRules = (
			);
			dependencies = (
				47CC19A32790A59E005DF9EC /* PBXTargetDependency */,
			);
			name = RocketFanTests;
			productName = RocketFanTests;
			productReference = 47CC19A12790A59E005DF9EC /* RocketFanTests.xctest */;
			productType = "com.apple.product-type.bundle.unit-test";
		};
		47CC19AA2790A59E005DF9EC /* RocketFanUITests */ = {
			isa = PBXNativeTarget;
			buildConfigurationList = 47CC19BB2790A59E005DF9EC /* Build configuration list for PBXNativeTarget "RocketFanUITests" */;
			buildPhases = (
				47CC19A72790A59E005DF9EC /* Sources */,
				47CC19A82790A59E005DF9EC /* Frameworks */,
				47CC19A92790A59E005DF9EC /* Resources */,
			);
			buildRules = (
			);
			dependencies = (
				47CC19AD2790A59E005DF9EC /* PBXTargetDependency */,
			);
			name = RocketFanUITests;
			productName = RocketFanUITests;
			productReference = 47CC19AB2790A59E005DF9EC /* RocketFanUITests.xctest */;
			productType = "com.apple.product-type.bundle.ui-testing";
		};
/* End PBXNativeTarget section */

/* Begin PBXProject section */
		47CC19832790A59A005DF9EC /* Project object */ = {
			isa = PBXProject;
			attributes = {
				BuildIndependentTargetsInParallel = 1;
				LastSwiftUpdateCheck = 1320;
				LastUpgradeCheck = 1320;
				TargetAttributes = {
					47CC198A2790A59A005DF9EC = {
						CreatedOnToolsVersion = 13.2.1;
					};
					47CC19A02790A59E005DF9EC = {
						CreatedOnToolsVersion = 13.2.1;
						TestTargetID = 47CC198A2790A59A005DF9EC;
					};
					47CC19AA2790A59E005DF9EC = {
						CreatedOnToolsVersion = 13.2.1;
						TestTargetID = 47CC198A2790A59A005DF9EC;
					};
				};
			};
			buildConfigurationList = 47CC19862790A59A005DF9EC /* Build configuration list for PBXProject "RocketFan" */;
			compatibilityVersion = "Xcode 13.0";
			developmentRegion = en;
			hasScannedForEncodings = 0;
			knownRegions = (
				en,
				Base,
			);
			mainGroup = 47CC19822790A59A005DF9EC;
			packageReferences = (
				47C84ED327931B56002FCE92 /* XCRemoteSwiftPackageReference "Kingfisher" */,
			);
			productRefGroup = 47CC198C2790A59A005DF9EC /* Products */;
			projectDirPath = "";
			projectRoot = "";
			targets = (
				47CC198A2790A59A005DF9EC /* RocketFan */,
				47CC19A02790A59E005DF9EC /* RocketFanTests */,
				47CC19AA2790A59E005DF9EC /* RocketFanUITests */,
			);
		};
/* End PBXProject section */

/* Begin PBXResourcesBuildPhase section */
		47CC19892790A59A005DF9EC /* Resources */ = {
			isa = PBXResourcesBuildPhase;
			buildActionMask = 2147483647;
			files = (
				47CC199B2790A59D005DF9EC /* LaunchScreen.storyboard in Resources */,
				47C84ED2279313D6002FCE92 /* RocketListTableViewCell.xib in Resources */,
				47CC19982790A59D005DF9EC /* Assets.xcassets in Resources */,
			);
			runOnlyForDeploymentPostprocessing = 0;
		};
		47CC199F2790A59E005DF9EC /* Resources */ = {
			isa = PBXResourcesBuildPhase;
			buildActionMask = 2147483647;
			files = (
			);
			runOnlyForDeploymentPostprocessing = 0;
		};
		47CC19A92790A59E005DF9EC /* Resources */ = {
			isa = PBXResourcesBuildPhase;
			buildActionMask = 2147483647;
			files = (
			);
			runOnlyForDeploymentPostprocessing = 0;
		};
/* End PBXResourcesBuildPhase section */

/* Begin PBXSourcesBuildPhase section */
		47CC19872790A59A005DF9EC /* Sources */ = {
			isa = PBXSourcesBuildPhase;
			buildActionMask = 2147483647;
			files = (
				47C84ED1279313D6002FCE92 /* RocketListTableViewCell.swift in Sources */,
				47CC19932790A59A005DF9EC /* HomeViewController.swift in Sources */,
				47CC198F2790A59A005DF9EC /* AppDelegate.swift in Sources */,
				476B81342798AC350093AB37 /* Favorites.swift in Sources */,
				47CC19C52790A719005DF9EC /* ListViewModel.swift in Sources */,
				47CC19C92790B00C005DF9EC /* Observable.swift in Sources */,
				47CC19CB2790B034005DF9EC /* ListTableViewCellViewModel.swift in Sources */,
				47CC19C72790A723005DF9EC /* ListModel.swift in Sources */,
				47CC19C12790A6FA005DF9EC /* ListViewController.swift in Sources */,
				47CC19912790A59A005DF9EC /* SceneDelegate.swift in Sources */,
			);
			runOnlyForDeploymentPostprocessing = 0;
		};
		47CC199D2790A59E005DF9EC /* Sources */ = {
			isa = PBXSourcesBuildPhase;
			buildActionMask = 2147483647;
			files = (
				47CC19A62790A59E005DF9EC /* RocketFanTests.swift in Sources */,
			);
			runOnlyForDeploymentPostprocessing = 0;
		};
		47CC19A72790A59E005DF9EC /* Sources */ = {
			isa = PBXSourcesBuildPhase;
			buildActionMask = 2147483647;
			files = (
				47CC19B22790A59E005DF9EC /* RocketFanUITestsLaunchTests.swift in Sources */,
				47CC19B02790A59E005DF9EC /* RocketFanUITests.swift in Sources */,
			);
			runOnlyForDeploymentPostprocessing = 0;
		};
/* End PBXSourcesBuildPhase section */

/* Begin PBXTargetDependency section */
		47CC19A32790A59E005DF9EC /* PBXTargetDependency */ = {
			isa = PBXTargetDependency;
			target = 47CC198A2790A59A005DF9EC /* RocketFan */;
			targetProxy = 47CC19A22790A59E005DF9EC /* PBXContainerItemProxy */;
		};
		47CC19AD2790A59E005DF9EC /* PBXTargetDependency */ = {
			isa = PBXTargetDependency;
			target = 47CC198A2790A59A005DF9EC /* RocketFan */;
			targetProxy = 47CC19AC2790A59E005DF9EC /* PBXContainerItemProxy */;
		};
/* End PBXTargetDependency section */

/* Begin PBXVariantGroup section */
		47CC19992790A59D005DF9EC /* LaunchScreen.storyboard */ = {
			isa = PBXVariantGroup;
			children = (
				47CC199A2790A59D005DF9EC /* Base */,
			);
			name = LaunchScreen.storyboard;
			sourceTree = "<group>";
		};
/* End PBXVariantGroup section */

/* Begin XCBuildConfiguration section */
		47CC19B32790A59E005DF9EC /* Debug */ = {
			isa = XCBuildConfiguration;
			buildSettings = {
				ALWAYS_SEARCH_USER_PATHS = NO;
				CLANG_ANALYZER_NONNULL = YES;
				CLANG_ANALYZER_NUMBER_OBJECT_CONVERSION = YES_AGGRESSIVE;
				CLANG_CXX_LANGUAGE_STANDARD = "gnu++17";
				CLANG_CXX_LIBRARY = "libc++";
				CLANG_ENABLE_MODULES = YES;
				CLANG_ENABLE_OBJC_ARC = YES;
				CLANG_ENABLE_OBJC_WEAK = YES;
				CLANG_WARN_BLOCK_CAPTURE_AUTORELEASING = YES;
				CLANG_WARN_BOOL_CONVERSION = YES;
				CLANG_WARN_COMMA = YES;
				CLANG_WARN_CONSTANT_CONVERSION = YES;
				CLANG_WARN_DEPRECATED_OBJC_IMPLEMENTATIONS = YES;
				CLANG_WARN_DIRECT_OBJC_ISA_USAGE = YES_ERROR;
				CLANG_WARN_DOCUMENTATION_COMMENTS = YES;
				CLANG_WARN_EMPTY_BODY = YES;
				CLANG_WARN_ENUM_CONVERSION = YES;
				CLANG_WARN_INFINITE_RECURSION = YES;
				CLANG_WARN_INT_CONVERSION = YES;
				CLANG_WARN_NON_LITERAL_NULL_CONVERSION = YES;
				CLANG_WARN_OBJC_IMPLICIT_RETAIN_SELF = YES;
				CLANG_WARN_OBJC_LITERAL_CONVERSION = YES;
				CLANG_WARN_OBJC_ROOT_CLASS = YES_ERROR;
				CLANG_WARN_QUOTED_INCLUDE_IN_FRAMEWORK_HEADER = YES;
				CLANG_WARN_RANGE_LOOP_ANALYSIS = YES;
				CLANG_WARN_STRICT_PROTOTYPES = YES;
				CLANG_WARN_SUSPICIOUS_MOVE = YES;
				CLANG_WARN_UNGUARDED_AVAILABILITY = YES_AGGRESSIVE;
				CLANG_WARN_UNREACHABLE_CODE = YES;
				CLANG_WARN__DUPLICATE_METHOD_MATCH = YES;
				COPY_PHASE_STRIP = NO;
				DEBUG_INFORMATION_FORMAT = dwarf;
				ENABLE_STRICT_OBJC_MSGSEND = YES;
				ENABLE_TESTABILITY = YES;
				GCC_C_LANGUAGE_STANDARD = gnu11;
				GCC_DYNAMIC_NO_PIC = NO;
				GCC_NO_COMMON_BLOCKS = YES;
				GCC_OPTIMIZATION_LEVEL = 0;
				GCC_PREPROCESSOR_DEFINITIONS = (
					"DEBUG=1",
					"$(inherited)",
				);
				GCC_WARN_64_TO_32_BIT_CONVERSION = YES;
				GCC_WARN_ABOUT_RETURN_TYPE = YES_ERROR;
				GCC_WARN_UNDECLARED_SELECTOR = YES;
				GCC_WARN_UNINITIALIZED_AUTOS = YES_AGGRESSIVE;
				GCC_WARN_UNUSED_FUNCTION = YES;
				GCC_WARN_UNUSED_VARIABLE = YES;
				IPHONEOS_DEPLOYMENT_TARGET = 15.2;
				MTL_ENABLE_DEBUG_INFO = INCLUDE_SOURCE;
				MTL_FAST_MATH = YES;
				ONLY_ACTIVE_ARCH = YES;
				SDKROOT = iphoneos;
				SWIFT_ACTIVE_COMPILATION_CONDITIONS = DEBUG;
				SWIFT_OPTIMIZATION_LEVEL = "-Onone";
			};
			name = Debug;
		};
		47CC19B42790A59E005DF9EC /* Release */ = {
			isa = XCBuildConfiguration;
			buildSettings = {
				ALWAYS_SEARCH_USER_PATHS = NO;
				CLANG_ANALYZER_NONNULL = YES;
				CLANG_ANALYZER_NUMBER_OBJECT_CONVERSION = YES_AGGRESSIVE;
				CLANG_CXX_LANGUAGE_STANDARD = "gnu++17";
				CLANG_CXX_LIBRARY = "libc++";
				CLANG_ENABLE_MODULES = YES;
				CLANG_ENABLE_OBJC_ARC = YES;
				CLANG_ENABLE_OBJC_WEAK = YES;
				CLANG_WARN_BLOCK_CAPTURE_AUTORELEASING = YES;
				CLANG_WARN_BOOL_CONVERSION = YES;
				CLANG_WARN_COMMA = YES;
				CLANG_WARN_CONSTANT_CONVERSION = YES;
				CLANG_WARN_DEPRECATED_OBJC_IMPLEMENTATIONS = YES;
				CLANG_WARN_DIRECT_OBJC_ISA_USAGE = YES_ERROR;
				CLANG_WARN_DOCUMENTATION_COMMENTS = YES;
				CLANG_WARN_EMPTY_BODY = YES;
				CLANG_WARN_ENUM_CONVERSION = YES;
				CLANG_WARN_INFINITE_RECURSION = YES;
				CLANG_WARN_INT_CONVERSION = YES;
				CLANG_WARN_NON_LITERAL_NULL_CONVERSION = YES;
				CLANG_WARN_OBJC_IMPLICIT_RETAIN_SELF = YES;
				CLANG_WARN_OBJC_LITERAL_CONVERSION = YES;
				CLANG_WARN_OBJC_ROOT_CLASS = YES_ERROR;
				CLANG_WARN_QUOTED_INCLUDE_IN_FRAMEWORK_HEADER = YES;
				CLANG_WARN_RANGE_LOOP_ANALYSIS = YES;
				CLANG_WARN_STRICT_PROTOTYPES = YES;
				CLANG_WARN_SUSPICIOUS_MOVE = YES;
				CLANG_WARN_UNGUARDED_AVAILABILITY = YES_AGGRESSIVE;
				CLANG_WARN_UNREACHABLE_CODE = YES;
				CLANG_WARN__DUPLICATE_METHOD_MATCH = YES;
				COPY_PHASE_STRIP = NO;
				DEBUG_INFORMATION_FORMAT = "dwarf-with-dsym";
				ENABLE_NS_ASSERTIONS = NO;
				ENABLE_STRICT_OBJC_MSGSEND = YES;
				GCC_C_LANGUAGE_STANDARD = gnu11;
				GCC_NO_COMMON_BLOCKS = YES;
				GCC_WARN_64_TO_32_BIT_CONVERSION = YES;
				GCC_WARN_ABOUT_RETURN_TYPE = YES_ERROR;
				GCC_WARN_UNDECLARED_SELECTOR = YES;
				GCC_WARN_UNINITIALIZED_AUTOS = YES_AGGRESSIVE;
				GCC_WARN_UNUSED_FUNCTION = YES;
				GCC_WARN_UNUSED_VARIABLE = YES;
				IPHONEOS_DEPLOYMENT_TARGET = 15.2;
				MTL_ENABLE_DEBUG_INFO = NO;
				MTL_FAST_MATH = YES;
				SDKROOT = iphoneos;
				SWIFT_COMPILATION_MODE = wholemodule;
				SWIFT_OPTIMIZATION_LEVEL = "-O";
				VALIDATE_PRODUCT = YES;
			};
			name = Release;
		};
		47CC19B62790A59E005DF9EC /* Debug */ = {
			isa = XCBuildConfiguration;
			buildSettings = {
				ASSETCATALOG_COMPILER_APPICON_NAME = AppIcon;
				ASSETCATALOG_COMPILER_GLOBAL_ACCENT_COLOR_NAME = AccentColor;
				CODE_SIGN_STYLE = Automatic;
				CURRENT_PROJECT_VERSION = 1;
				DEVELOPMENT_TEAM = K82L669RJD;
				GENERATE_INFOPLIST_FILE = YES;
				INFOPLIST_FILE = RocketFan/Info.plist;
				INFOPLIST_KEY_CFBundleDisplayName = "Rocket Fan";
				INFOPLIST_KEY_UIApplicationSupportsIndirectInputEvents = YES;
				INFOPLIST_KEY_UILaunchStoryboardName = LaunchScreen;
				INFOPLIST_KEY_UISupportedInterfaceOrientations_iPad = "UIInterfaceOrientationPortrait UIInterfaceOrientationPortraitUpsideDown UIInterfaceOrientationLandscapeLeft UIInterfaceOrientationLandscapeRight";
				INFOPLIST_KEY_UISupportedInterfaceOrientations_iPhone = "UIInterfaceOrientationPortrait UIInterfaceOrientationLandscapeLeft UIInterfaceOrientationLandscapeRight";
				LD_RUNPATH_SEARCH_PATHS = (
					"$(inherited)",
					"@executable_path/Frameworks",
				);
				MARKETING_VERSION = 1.0;
				PRODUCT_BUNDLE_IDENTIFIER = com.hilalkahraman.RocketFan;
				PRODUCT_NAME = "$(TARGET_NAME)";
				SWIFT_EMIT_LOC_STRINGS = YES;
				SWIFT_VERSION = 5.0;
				TARGETED_DEVICE_FAMILY = "1,2";
			};
			name = Debug;
		};
		47CC19B72790A59E005DF9EC /* Release */ = {
			isa = XCBuildConfiguration;
			buildSettings = {
				ASSETCATALOG_COMPILER_APPICON_NAME = AppIcon;
				ASSETCATALOG_COMPILER_GLOBAL_ACCENT_COLOR_NAME = AccentColor;
				CODE_SIGN_STYLE = Automatic;
				CURRENT_PROJECT_VERSION = 1;
				DEVELOPMENT_TEAM = K82L669RJD;
				GENERATE_INFOPLIST_FILE = YES;
				INFOPLIST_FILE = RocketFan/Info.plist;
				INFOPLIST_KEY_CFBundleDisplayName = "Rocket Fan";
				INFOPLIST_KEY_UIApplicationSupportsIndirectInputEvents = YES;
				INFOPLIST_KEY_UILaunchStoryboardName = LaunchScreen;
				INFOPLIST_KEY_UISupportedInterfaceOrientations_iPad = "UIInterfaceOrientationPortrait UIInterfaceOrientationPortraitUpsideDown UIInterfaceOrientationLandscapeLeft UIInterfaceOrientationLandscapeRight";
				INFOPLIST_KEY_UISupportedInterfaceOrientations_iPhone = "UIInterfaceOrientationPortrait UIInterfaceOrientationLandscapeLeft UIInterfaceOrientationLandscapeRight";
				LD_RUNPATH_SEARCH_PATHS = (
					"$(inherited)",
					"@executable_path/Frameworks",
				);
				MARKETING_VERSION = 1.0;
				PRODUCT_BUNDLE_IDENTIFIER = com.hilalkahraman.RocketFan;
				PRODUCT_NAME = "$(TARGET_NAME)";
				SWIFT_EMIT_LOC_STRINGS = YES;
				SWIFT_VERSION = 5.0;
				TARGETED_DEVICE_FAMILY = "1,2";
			};
			name = Release;
		};
		47CC19B92790A59E005DF9EC /* Debug */ = {
			isa = XCBuildConfiguration;
			buildSettings = {
				ALWAYS_EMBED_SWIFT_STANDARD_LIBRARIES = YES;
				BUNDLE_LOADER = "$(TEST_HOST)";
				CODE_SIGN_STYLE = Automatic;
				CURRENT_PROJECT_VERSION = 1;
				DEVELOPMENT_TEAM = K82L669RJD;
				GENERATE_INFOPLIST_FILE = YES;
				IPHONEOS_DEPLOYMENT_TARGET = 15.2;
				MARKETING_VERSION = 1.0;
				PRODUCT_BUNDLE_IDENTIFIER = com.hilalkahraman.RocketFanTests;
				PRODUCT_NAME = "$(TARGET_NAME)";
				SWIFT_EMIT_LOC_STRINGS = NO;
				SWIFT_VERSION = 5.0;
				TARGETED_DEVICE_FAMILY = "1,2";
				TEST_HOST = "$(BUILT_PRODUCTS_DIR)/RocketFan.app/RocketFan";
			};
			name = Debug;
		};
		47CC19BA2790A59E005DF9EC /* Release */ = {
			isa = XCBuildConfiguration;
			buildSettings = {
				ALWAYS_EMBED_SWIFT_STANDARD_LIBRARIES = YES;
				BUNDLE_LOADER = "$(TEST_HOST)";
				CODE_SIGN_STYLE = Automatic;
				CURRENT_PROJECT_VERSION = 1;
				DEVELOPMENT_TEAM = K82L669RJD;
				GENERATE_INFOPLIST_FILE = YES;
				IPHONEOS_DEPLOYMENT_TARGET = 15.2;
				MARKETING_VERSION = 1.0;
				PRODUCT_BUNDLE_IDENTIFIER = com.hilalkahraman.RocketFanTests;
				PRODUCT_NAME = "$(TARGET_NAME)";
				SWIFT_EMIT_LOC_STRINGS = NO;
				SWIFT_VERSION = 5.0;
				TARGETED_DEVICE_FAMILY = "1,2";
				TEST_HOST = "$(BUILT_PRODUCTS_DIR)/RocketFan.app/RocketFan";
			};
			name = Release;
		};
		47CC19BC2790A59E005DF9EC /* Debug */ = {
			isa = XCBuildConfiguration;
			buildSettings = {
				ALWAYS_EMBED_SWIFT_STANDARD_LIBRARIES = YES;
				CODE_SIGN_STYLE = Automatic;
				CURRENT_PROJECT_VERSION = 1;
				DEVELOPMENT_TEAM = K82L669RJD;
				GENERATE_INFOPLIST_FILE = YES;
				MARKETING_VERSION = 1.0;
				PRODUCT_BUNDLE_IDENTIFIER = com.hilalkahraman.RocketFanUITests;
				PRODUCT_NAME = "$(TARGET_NAME)";
				SWIFT_EMIT_LOC_STRINGS = NO;
				SWIFT_VERSION = 5.0;
				TARGETED_DEVICE_FAMILY = "1,2";
				TEST_TARGET_NAME = RocketFan;
			};
			name = Debug;
		};
		47CC19BD2790A59E005DF9EC /* Release */ = {
			isa = XCBuildConfiguration;
			buildSettings = {
				ALWAYS_EMBED_SWIFT_STANDARD_LIBRARIES = YES;
				CODE_SIGN_STYLE = Automatic;
				CURRENT_PROJECT_VERSION = 1;
				DEVELOPMENT_TEAM = K82L669RJD;
				GENERATE_INFOPLIST_FILE = YES;
				MARKETING_VERSION = 1.0;
				PRODUCT_BUNDLE_IDENTIFIER = com.hilalkahraman.RocketFanUITests;
				PRODUCT_NAME = "$(TARGET_NAME)";
				SWIFT_EMIT_LOC_STRINGS = NO;
				SWIFT_VERSION = 5.0;
				TARGETED_DEVICE_FAMILY = "1,2";
				TEST_TARGET_NAME = RocketFan;
			};
			name = Release;
		};
/* End XCBuildConfiguration section */

/* Begin XCConfigurationList section */
		47CC19862790A59A005DF9EC /* Build configuration list for PBXProject "RocketFan" */ = {
			isa = XCConfigurationList;
			buildConfigurations = (
				47CC19B32790A59E005DF9EC /* Debug */,
				47CC19B42790A59E005DF9EC /* Release */,
			);
			defaultConfigurationIsVisible = 0;
			defaultConfigurationName = Release;
		};
		47CC19B52790A59E005DF9EC /* Build configuration list for PBXNativeTarget "RocketFan" */ = {
			isa = XCConfigurationList;
			buildConfigurations = (
				47CC19B62790A59E005DF9EC /* Debug */,
				47CC19B72790A59E005DF9EC /* Release */,
			);
			defaultConfigurationIsVisible = 0;
			defaultConfigurationName = Release;
		};
		47CC19B82790A59E005DF9EC /* Build configuration list for PBXNativeTarget "RocketFanTests" */ = {
			isa = XCConfigurationList;
			buildConfigurations = (
				47CC19B92790A59E005DF9EC /* Debug */,
				47CC19BA2790A59E005DF9EC /* Release */,
			);
			defaultConfigurationIsVisible = 0;
			defaultConfigurationName = Release;
		};
		47CC19BB2790A59E005DF9EC /* Build configuration list for PBXNativeTarget "RocketFanUITests" */ = {
			isa = XCConfigurationList;
			buildConfigurations = (
				47CC19BC2790A59E005DF9EC /* Debug */,
				47CC19BD2790A59E005DF9EC /* Release */,
			);
			defaultConfigurationIsVisible = 0;
			defaultConfigurationName = Release;
		};
/* End XCConfigurationList section */

/* Begin XCRemoteSwiftPackageReference section */
		47C84ED327931B56002FCE92 /* XCRemoteSwiftPackageReference "Kingfisher" */ = {
			isa = XCRemoteSwiftPackageReference;
			repositoryURL = "https://github.com/onevcat/Kingfisher.git";
			requirement = {
				kind = upToNextMajorVersion;
				minimumVersion = 7.0.0;
			};
		};
/* End XCRemoteSwiftPackageReference section */

/* Begin XCSwiftPackageProductDependency section */
		47C84ED427931B56002FCE92 /* Kingfisher */ = {
			isa = XCSwiftPackageProductDependency;
			package = 47C84ED327931B56002FCE92 /* XCRemoteSwiftPackageReference "Kingfisher" */;
			productName = Kingfisher;
		};
/* End XCSwiftPackageProductDependency section */
	};
	rootObject = 47CC19832790A59A005DF9EC /* Project object */;
}
